
Microsoft Visual Studio Solution File, Format Version 12.00
# Visual Studio 15
VisualStudioVersion = 15.0.27004.2006
MinimumVisualStudioVersion = 10.0.40219.1
Project("{FAE04EC0-301F-11D3-BF4B-00C04F79EFBC}") = "PieShop", "PieShop\PieShop.csproj", "{BBEE2ABD-B01D-426D-AFE5-C631B25AFBD9}"
EndProject
Global
	GlobalSection(SolutionConfigurationPlatforms) = preSolution
		Debug|Any CPU = Debug|Any CPU
		Release|Any CPU = Release|Any CPU
	EndGlobalSection
	GlobalSection(ProjectConfigurationPlatforms) = postSolution
		{BBEE2ABD-B01D-426D-AFE5-C631B25AFBD9}.Debug|Any CPU.ActiveCfg = Debug|Any CPU
		{BBEE2ABD-B01D-426D-AFE5-C631B25AFBD9}.Debug|Any CPU.Build.0 = Debug|Any CPU
		{BBEE2ABD-B01D-426D-AFE5-C631B25AFBD9}.Release|Any CPU.ActiveCfg = Release|Any CPU
		{BBEE2ABD-B01D-426D-AFE5-C631B25AFBD9}.Release|Any CPU.Build.0 = Release|Any CPU
	EndGlobalSection
	GlobalSection(SolutionProperties) = preSolution
		HideSolutionNode = FALSE
	EndGlobalSection
	GlobalSection(ExtensibilityGlobals) = postSolution
		SolutionGuid = {49750DF7-AD9E-402A-8FB3-6FA822C46ED2}
	EndGlobalSection
EndGlobal
